
Microsoft Visual Studio Solution File, Format Version 12.00
# Visual Studio Version 17
VisualStudioVersion = 17.11.35312.102
MinimumVisualStudioVersion = 10.0.40219.1
Project("{FAE04EC0-301F-11D3-BF4B-00C04F79EFBC}") = "Konsole .NET Framework 4", "Konsole .NET Framework 4\Konsole .NET Framework 4.csproj", "{CD1B5583-8D8D-4AD9-9E93-9AB6584BBDAC}"
EndProject
Project("{FAE04EC0-301F-11D3-BF4B-00C04F79EFBC}") = "KonsoleNET4Updater", "KonsoleNET4Updater\KonsoleNET4Updater.csproj", "{E5857CD6-233B-42B5-8561-DA93750F832B}"
EndProject
Project("{FAE04EC0-301F-11D3-BF4B-00C04F79EFBC}") = "Konsole .NET 5", "Konsole .NET 5\Konsole .NET 5.csproj", "{FAC3BD72-E022-43F4-9922-8AB5784F9D31}"
EndProject
Global
	GlobalSection(SolutionConfigurationPlatforms) = preSolution
		Debug|Any CPU = Debug|Any CPU
		Release|Any CPU = Release|Any CPU
	EndGlobalSection
	GlobalSection(ProjectConfigurationPlatforms) = postSolution
		{CD1B5583-8D8D-4AD9-9E93-9AB6584BBDAC}.Debug|Any CPU.ActiveCfg = Debug|Any CPU
		{CD1B5583-8D8D-4AD9-9E93-9AB6584BBDAC}.Debug|Any CPU.Build.0 = Debug|Any CPU
		{CD1B5583-8D8D-4AD9-9E93-9AB6584BBDAC}.Release|Any CPU.ActiveCfg = Release|Any CPU
		{CD1B5583-8D8D-4AD9-9E93-9AB6584BBDAC}.Release|Any CPU.Build.0 = Release|Any CPU
		{E5857CD6-233B-42B5-8561-DA93750F832B}.Debug|Any CPU.ActiveCfg = Debug|Any CPU
		{E5857CD6-233B-42B5-8561-DA93750F832B}.Debug|Any CPU.Build.0 = Debug|Any CPU
		{E5857CD6-233B-42B5-8561-DA93750F832B}.Release|Any CPU.ActiveCfg = Release|Any CPU
		{E5857CD6-233B-42B5-8561-DA93750F832B}.Release|Any CPU.Build.0 = Release|Any CPU
		{FAC3BD72-E022-43F4-9922-8AB5784F9D31}.Debug|Any CPU.ActiveCfg = Debug|Any CPU
		{FAC3BD72-E022-43F4-9922-8AB5784F9D31}.Debug|Any CPU.Build.0 = Debug|Any CPU
		{FAC3BD72-E022-43F4-9922-8AB5784F9D31}.Release|Any CPU.ActiveCfg = Release|Any CPU
		{FAC3BD72-E022-43F4-9922-8AB5784F9D31}.Release|Any CPU.Build.0 = Release|Any CPU
	EndGlobalSection
	GlobalSection(SolutionProperties) = preSolution
		HideSolutionNode = FALSE
	EndGlobalSection
	GlobalSection(ExtensibilityGlobals) = postSolution
		SolutionGuid = {AFED88E3-96BD-477A-9EED-E420D60E6FBE}
	EndGlobalSection
EndGlobal
